
Microsoft Visual Studio Solution File, Format Version 12.00
# Visual Studio 14
VisualStudioVersion = 14.0.24720.0
MinimumVisualStudioVersion = 10.0.40219.1
Project("{FAE04EC0-301F-11D3-BF4B-00C04F79EFBC}") = "SwitcherLib", "SwitcherLib\SwitcherLib.csproj", "{5F9F52A6-9EF4-4C71-9A91-F5B864A57ABB}"
EndProject
Project("{FAE04EC0-301F-11D3-BF4B-00C04F79EFBC}") = "MediaPool", "MediaPool\MediaPool.csproj", "{A17A1F1D-C1F7-4489-8D55-E75C5FEFFF69}"
EndProject
Project("{FAE04EC0-301F-11D3-BF4B-00C04F79EFBC}") = "MediaUpload", "MediaUpload\MediaUpload.csproj", "{ED13F395-B644-42DC-9BBA-5157B238F277}"
EndProject
Project("{F5034706-568F-408A-B7B3-4D38C6DB8A32}") = "AtemPowerShell", "AtemPowerShell\AtemPowerShell.pssproj", "{6CAFC0C6-A428-4D30-A9F9-700E829FEA51}"
EndProject
Project("{FAE04EC0-301F-11D3-BF4B-00C04F79EFBC}") = "ATEMInputs", "ATEMInputs\ATEMInputs.csproj", "{EAE14ED5-C48A-4551-94D0-00B265C55CE0}"
EndProject
Project("{F5034706-568F-408A-B7B3-4D38C6DB8A32}") = "PowerShellATEM", "PowerShellATEM\PowerShellATEM.pssproj", "{B9FFA43E-BE9C-482D-9FAD-D3CC2F553240}"
EndProject
Project("{2150E333-8FDC-42A3-9474-1A3956D46DE8}") = "Solution Items", "Solution Items", "{55C8E940-51B0-46DA-87B6-5C364BC6668B}"
	ProjectSection(SolutionItems) = preProject
		readme.txt = readme.txt
	EndProjectSection
EndProject
Global
	GlobalSection(SolutionConfigurationPlatforms) = preSolution
		Debug|Any CPU = Debug|Any CPU
		Release|Any CPU = Release|Any CPU
	EndGlobalSection
	GlobalSection(ProjectConfigurationPlatforms) = postSolution
		{5F9F52A6-9EF4-4C71-9A91-F5B864A57ABB}.Debug|Any CPU.ActiveCfg = Debug|Any CPU
		{5F9F52A6-9EF4-4C71-9A91-F5B864A57ABB}.Debug|Any CPU.Build.0 = Debug|Any CPU
		{5F9F52A6-9EF4-4C71-9A91-F5B864A57ABB}.Release|Any CPU.ActiveCfg = Release|Any CPU
		{5F9F52A6-9EF4-4C71-9A91-F5B864A57ABB}.Release|Any CPU.Build.0 = Release|Any CPU
		{A17A1F1D-C1F7-4489-8D55-E75C5FEFFF69}.Debug|Any CPU.ActiveCfg = Debug|Any CPU
		{A17A1F1D-C1F7-4489-8D55-E75C5FEFFF69}.Debug|Any CPU.Build.0 = Debug|Any CPU
		{A17A1F1D-C1F7-4489-8D55-E75C5FEFFF69}.Release|Any CPU.ActiveCfg = Release|Any CPU
		{A17A1F1D-C1F7-4489-8D55-E75C5FEFFF69}.Release|Any CPU.Build.0 = Release|Any CPU
		{ED13F395-B644-42DC-9BBA-5157B238F277}.Debug|Any CPU.ActiveCfg = Debug|Any CPU
		{ED13F395-B644-42DC-9BBA-5157B238F277}.Debug|Any CPU.Build.0 = Debug|Any CPU
		{ED13F395-B644-42DC-9BBA-5157B238F277}.Release|Any CPU.ActiveCfg = Release|Any CPU
		{ED13F395-B644-42DC-9BBA-5157B238F277}.Release|Any CPU.Build.0 = Release|Any CPU
		{6CAFC0C6-A428-4D30-A9F9-700E829FEA51}.Debug|Any CPU.ActiveCfg = Debug|Any CPU
		{6CAFC0C6-A428-4D30-A9F9-700E829FEA51}.Debug|Any CPU.Build.0 = Debug|Any CPU
		{6CAFC0C6-A428-4D30-A9F9-700E829FEA51}.Release|Any CPU.ActiveCfg = Release|Any CPU
		{6CAFC0C6-A428-4D30-A9F9-700E829FEA51}.Release|Any CPU.Build.0 = Release|Any CPU
		{EAE14ED5-C48A-4551-94D0-00B265C55CE0}.Debug|Any CPU.ActiveCfg = Debug|Any CPU
		{EAE14ED5-C48A-4551-94D0-00B265C55CE0}.Debug|Any CPU.Build.0 = Debug|Any CPU
		{EAE14ED5-C48A-4551-94D0-00B265C55CE0}.Release|Any CPU.ActiveCfg = Release|Any CPU
		{EAE14ED5-C48A-4551-94D0-00B265C55CE0}.Release|Any CPU.Build.0 = Release|Any CPU
		{B9FFA43E-BE9C-482D-9FAD-D3CC2F553240}.Debug|Any CPU.ActiveCfg = Debug|Any CPU
		{B9FFA43E-BE9C-482D-9FAD-D3CC2F553240}.Debug|Any CPU.Build.0 = Debug|Any CPU
		{B9FFA43E-BE9C-482D-9FAD-D3CC2F553240}.Release|Any CPU.ActiveCfg = Release|Any CPU
		{B9FFA43E-BE9C-482D-9FAD-D3CC2F553240}.Release|Any CPU.Build.0 = Release|Any CPU
	EndGlobalSection
	GlobalSection(SolutionProperties) = preSolution
		HideSolutionNode = FALSE
	EndGlobalSection
EndGlobal
